{
    "version": 3,
    "terraform_version": "0.11.5",
    "serial": 7,
    "lineage": "97469366-57cb-4432-3db2-b960711123d2",
    "modules": [
        {
            "path": [
                "root"
            ],
            "outputs": {},
            "resources": {
                "docker_container.container_id": {
                    "type": "docker_container",
                    "depends_on": [
                        "docker_image.image_id"
                    ],
                    "primary": {
                        "id": "6ad7c3d1e556813ed9db067934a32cb501fa94fb5c0b64c53a76d91951f2a850",
                        "attributes": {
                            "attach": "false",
                            "bridge": "",
                            "gateway": "172.17.0.1",
                            "id": "6ad7c3d1e556813ed9db067934a32cb501fa94fb5c0b64c53a76d91951f2a850",
                            "image": "sha256:21e98a6ba28ca729af5fbf5b255ed1880338dc3fc49789a2c5fceed0d68f23fc",
                            "ip_address": "172.17.0.2",
                            "ip_prefix_length": "16",
                            "log_driver": "json-file",
                            "logs": "false",
                            "must_run": "true",
                            "name": "blog",
                            "network_data.#": "1",
                            "network_data.0.gateway": "172.17.0.1",
                            "network_data.0.ip_address": "172.17.0.2",
                            "network_data.0.ip_prefix_length": "16",
                            "network_data.0.network_name": "bridge",
                            "ports.#": "1",
                            "ports.0.external": "80",
                            "ports.0.internal": "2368",
                            "ports.0.ip": "0.0.0.0",
                            "ports.0.protocol": "tcp",
                            "restart": "no",
                            "rm": "false",
                            "start": "true"
                        },
                        "meta": {
                            "schema_version": "1"
                        },
                        "tainted": false
                    },
                    "deposed": [],
                    "provider": "provider.docker"
                },
                "docker_image.image_id": {
                    "type": "docker_image",
                    "depends_on": [],
                    "primary": {
                        "id": "sha256:21e98a6ba28ca729af5fbf5b255ed1880338dc3fc49789a2c5fceed0d68f23fcghost:latest",
                        "attributes": {
                            "id": "sha256:21e98a6ba28ca729af5fbf5b255ed1880338dc3fc49789a2c5fceed0d68f23fcghost:latest",
                            "latest": "sha256:21e98a6ba28ca729af5fbf5b255ed1880338dc3fc49789a2c5fceed0d68f23fc",
                            "name": "ghost:latest"
                        },
                        "meta": {},
                        "tainted": false
                    },
                    "deposed": [],
                    "provider": "provider.docker"
                }
            },
            "depends_on": []
        }
    ]
}
